
Microsoft Visual Studio Solution File, Format Version 12.00
# Visual Studio Version 17
VisualStudioVersion = 17.3.32804.467
MinimumVisualStudioVersion = 10.0.40219.1
Project("{9A19103F-16F7-4668-BE54-9A1E7A4F7556}") = "WeatherForecast", "WeatherForecast\WeatherForecast.csproj", "{DF4F2557-A773-456C-A393-030ED5257905}"
EndProject
Project("{E53339B2-1760-4266-BCC7-CA923CBCF16C}") = "docker-compose", "docker-compose.dcproj", "{36601B64-88EF-414F-855B-95DAB88BCC66}"
EndProject
Global
	GlobalSection(SolutionConfigurationPlatforms) = preSolution
		Debug|Any CPU = Debug|Any CPU
		Release|Any CPU = Release|Any CPU
	EndGlobalSection
	GlobalSection(ProjectConfigurationPlatforms) = postSolution
		{DF4F2557-A773-456C-A393-030ED5257905}.Debug|Any CPU.ActiveCfg = Debug|Any CPU
		{DF4F2557-A773-456C-A393-030ED5257905}.Debug|Any CPU.Build.0 = Debug|Any CPU
		{DF4F2557-A773-456C-A393-030ED5257905}.Release|Any CPU.ActiveCfg = Release|Any CPU
		{DF4F2557-A773-456C-A393-030ED5257905}.Release|Any CPU.Build.0 = Release|Any CPU
		{36601B64-88EF-414F-855B-95DAB88BCC66}.Debug|Any CPU.ActiveCfg = Debug|Any CPU
		{36601B64-88EF-414F-855B-95DAB88BCC66}.Debug|Any CPU.Build.0 = Debug|Any CPU
		{36601B64-88EF-414F-855B-95DAB88BCC66}.Release|Any CPU.ActiveCfg = Release|Any CPU
		{36601B64-88EF-414F-855B-95DAB88BCC66}.Release|Any CPU.Build.0 = Release|Any CPU
	EndGlobalSection
	GlobalSection(SolutionProperties) = preSolution
		HideSolutionNode = FALSE
	EndGlobalSection
	GlobalSection(ExtensibilityGlobals) = postSolution
		SolutionGuid = {8F79EAE4-CC23-462B-B2EA-E009E3F99D60}
	EndGlobalSection
EndGlobal
